{
  "version": 4,
  "terraform_version": "1.8.3",
  "serial": 3,
  "lineage": "114d2083-c2f5-bd94-4bcf-95c1489be842",
  "outputs": {},
  "resources": [
    {
      "mode": "managed",
      "type": "aws_eks_cluster",
      "name": "test_cluster_05-15-2024",
      "provider": "provider[\"registry.terraform.io/hashicorp/aws\"]",
      "instances": [
        {
          "schema_version": 0,
          "attributes": {
            "access_config": [
              {
                "authentication_mode": "CONFIG_MAP",
                "bootstrap_cluster_creator_admin_permissions": false
              }
            ],
            "arn": "arn:aws:eks:us-east-1:561485731895:cluster/test_cluster_05-15-2024_new",
            "certificate_authority": [
              {
                "data": "LS0tLS1CRUdJTiBDRVJUSUZJQ0FURS0tLS0tCk1JSURCVENDQWUyZ0F3SUJBZ0lJVkwvSmhUM3NhYkF3RFFZSktvWklodmNOQVFFTEJRQXdGVEVUTUJFR0ExVUUKQXhNS2EzVmlaWEp1WlhSbGN6QWVGdzB5TkRBMU1UVXlNVEUyTXpGYUZ3MHpOREExTVRNeU1USXhNekZhTUJVeApFekFSQmdOVkJBTVRDbXQxWW1WeWJtVjBaWE13Z2dFaU1BMEdDU3FHU0liM0RRRUJBUVVBQTRJQkR3QXdnZ0VLCkFvSUJBUURGSlBVT05HWDMzbXRnNE9uUWMxWklGVlZLV05PWmdRRnM1MllKMmVlZmxhUzdQT3RlSnRFMW1lVncKaHB4NEpENXpxTkhuYVI1UHhNVVBUdGdlZC9RWmVCSGlTYUxSV0gveC9xeENJZGVqQW5mSXJqcFcwOFZYNWcxWQpHY3hVYVlBb1EwUWY4MFRyWFdqeEdraStHV0FoY3JNMzI1aGhBSkxvcEFVYjV6RHJtdTJhQ2FiV1l3blgzTFErCnFzcGxSblZHY2h6UTZGOXViamdsdURFWTl0cC91QTlVMFVpK1BrdVVGS0Y5VFhWSUJXSjV4ak0weHdGd3FrdEIKd2E0Q09ONnUvNkRqQW5LWjVpOVJXTTVuL1h4MGtMV015NzFobS84NjlDWkluN0F2bWJ3M2dBeWVKZ3c1a2RQQwpjZU5UNURvbmo4SWRyNHc3Wlh4VDJnZmN4dkh0QWdNQkFBR2pXVEJYTUE0R0ExVWREd0VCL3dRRUF3SUNwREFQCkJnTlZIUk1CQWY4RUJUQURBUUgvTUIwR0ExVWREZ1FXQkJRNUkzQkJSbkZ3QXhrOGZ2ck5Yc1dmL2x6SDJUQVYKQmdOVkhSRUVEakFNZ2dwcmRXSmxjbTVsZEdWek1BMEdDU3FHU0liM0RRRUJDd1VBQTRJQkFRQmpOeEJjQ2wxVwprSTBLdUV4NS9rbVFOQUR4VjY4Njl6NDBlZFA4WituMndMZ09LbEl1ekxxVGRUeHI4bERYUXRtMm5PeVZsdDV6CjduNXFRS3dBQ2t5OVpsL1pHalVwUXdqZWYrVmxzYVZkZGRVRXdSSlVUWUZabXdoU0QrVTVCMnJGanJ6SjVHVncKQ0JiZGpneisvaWpjS2VFdmdnd1hDQUV5V2xiZWNLb3QwcEY1dFJNWUJwOGVQWXE4QXhaM1JZWDF2SGxrOFRaSQo5U0FKTFFaS0FIanBFaHd0c1h4aHl5Z09pMmRlZm1pUThJeHRhRFpBN1hGbDBIU25lWWEzb0xqRGRVY0w4eVR3ClpVTDdrekVscWdsRDQrUngybFpIckU2L2EvV1d0dW91dlZ6NVk5cGFCWDF6Mi80RTM0NzFFRGo5UGJCa3MraTMKa0FSWVBZWGZ6RDRKCi0tLS0tRU5EIENFUlRJRklDQVRFLS0tLS0K"
              }
            ],
            "cluster_id": null,
            "created_at": "2024-05-15 21:17:10.197 +0000 UTC",
            "enabled_cluster_log_types": null,
            "encryption_config": [],
            "endpoint": "https://C9DFED954267A3407D1DA987CA2CF38C.gr7.us-east-1.eks.amazonaws.com",
            "id": "test_cluster_05-15-2024_new",
            "identity": [
              {
                "oidc": [
                  {
                    "issuer": "https://oidc.eks.us-east-1.amazonaws.com/id/C9DFED954267A3407D1DA987CA2CF38C"
                  }
                ]
              }
            ],
            "kubernetes_network_config": [
              {
                "ip_family": "ipv4",
                "service_ipv4_cidr": "10.100.0.0/16",
                "service_ipv6_cidr": ""
              }
            ],
            "name": "test_cluster_05-15-2024_new",
            "outpost_config": [],
            "platform_version": "eks.17",
            "role_arn": "arn:aws:iam::561485731895:role/aws-service-role/eks.amazonaws.com/AWSServiceRoleForAmazonEKS",
            "status": "ACTIVE",
            "tags": null,
            "tags_all": {},
            "timeouts": null,
            "version": "1.27",
            "vpc_config": [
              {
                "cluster_security_group_id": "sg-0ee957a0ae017cfd4",
                "endpoint_private_access": false,
                "endpoint_public_access": true,
                "public_access_cidrs": [
                  "0.0.0.0/0"
                ],
                "security_group_ids": null,
                "subnet_ids": [
                  "subnet-05311621526431f17",
                  "subnet-0756b2b7a82e57097"
                ],
                "vpc_id": "vpc-0b4ebeb21bb26142a"
              }
            ]
          },
          "sensitive_attributes": [],
          "private": "eyJlMmJmYjczMC1lY2FhLTExZTYtOGY4OC0zNDM2M2JjN2M0YzAiOnsiY3JlYXRlIjoxODAwMDAwMDAwMDAwLCJkZWxldGUiOjkwMDAwMDAwMDAwMCwidXBkYXRlIjozNjAwMDAwMDAwMDAwfX0="
        }
      ]
    }
  ],
  "check_results": null
}
